
Microsoft Visual Studio Solution File, Format Version 12.00
# Visual Studio 14
VisualStudioVersion = 14.0.25420.1
MinimumVisualStudioVersion = 10.0.40219.1
Project("{2150E333-8FDC-42A3-9474-1A3956D46DE8}") = "src", "src", "{202A2B4A-877E-43B2-BD78-E61EE2C01A25}"
EndProject
Project("{2150E333-8FDC-42A3-9474-1A3956D46DE8}") = "Solution Items", "Solution Items", "{4A65D337-BBE7-4E88-BDC4-B840E098E2CE}"
	ProjectSection(SolutionItems) = preProject
		global.json = global.json
	EndProjectSection
EndProject
Project("{8BB2217D-0F2D-49D1-97BC-3654ED321F3B}") = "FirstConsoleApp", "src\FirstConsoleApp\FirstConsoleApp.xproj", "{136A32B5-91A1-490E-A7A2-AC5A17071C26}"
EndProject
Global
	GlobalSection(SolutionConfigurationPlatforms) = preSolution
		Debug|Any CPU = Debug|Any CPU
		Release|Any CPU = Release|Any CPU
	EndGlobalSection
	GlobalSection(ProjectConfigurationPlatforms) = postSolution
		{136A32B5-91A1-490E-A7A2-AC5A17071C26}.Debug|Any CPU.ActiveCfg = Debug|Any CPU
		{136A32B5-91A1-490E-A7A2-AC5A17071C26}.Debug|Any CPU.Build.0 = Debug|Any CPU
		{136A32B5-91A1-490E-A7A2-AC5A17071C26}.Release|Any CPU.ActiveCfg = Release|Any CPU
		{136A32B5-91A1-490E-A7A2-AC5A17071C26}.Release|Any CPU.Build.0 = Release|Any CPU
	EndGlobalSection
	GlobalSection(SolutionProperties) = preSolution
		HideSolutionNode = FALSE
	EndGlobalSection
	GlobalSection(NestedProjects) = preSolution
		{136A32B5-91A1-490E-A7A2-AC5A17071C26} = {202A2B4A-877E-43B2-BD78-E61EE2C01A25}
	EndGlobalSection
EndGlobal
